
Microsoft Visual Studio Solution File, Format Version 12.00
# Visual Studio Version 16
VisualStudioVersion = 16.0.31005.135
MinimumVisualStudioVersion = 10.0.40219.1
Project("{FAE04EC0-301F-11D3-BF4B-00C04F79EFBC}") = "ChatXamarin.UWP", "ChatXamarin\ChatXamarin.UWP\ChatXamarin.UWP.csproj", "{51E3732A-29DF-456D-B1AA-617A1EDE826A}"
EndProject
Project("{FAE04EC0-301F-11D3-BF4B-00C04F79EFBC}") = "ChatXamarin.Android", "ChatXamarin\ChatXamarin.Android\ChatXamarin.Android.csproj", "{4F0C481A-6CD1-46C3-9C4A-5D89CAE51DBE}"
EndProject
Project("{FAE04EC0-301F-11D3-BF4B-00C04F79EFBC}") = "ChatXamarin.iOS", "ChatXamarin\ChatXamarin.iOS\ChatXamarin.iOS.csproj", "{0B88138E-8D2E-4AF3-AF22-4CE179D084E5}"
EndProject
Project("{FAE04EC0-301F-11D3-BF4B-00C04F79EFBC}") = "ChatXamarin", "ChatXamarin\ChatXamarin\ChatXamarin.csproj", "{2B572F8C-1E12-4DC8-B8D2-3A545783EB48}"
EndProject
Global
	GlobalSection(SolutionConfigurationPlatforms) = preSolution
		Debug|Any CPU = Debug|Any CPU
		Debug|ARM = Debug|ARM
		Debug|iPhone = Debug|iPhone
		Debug|iPhoneSimulator = Debug|iPhoneSimulator
		Debug|x64 = Debug|x64
		Debug|x86 = Debug|x86
		Release|Any CPU = Release|Any CPU
		Release|ARM = Release|ARM
		Release|iPhone = Release|iPhone
		Release|iPhoneSimulator = Release|iPhoneSimulator
		Release|x64 = Release|x64
		Release|x86 = Release|x86
	EndGlobalSection
	GlobalSection(ProjectConfigurationPlatforms) = postSolution
		{51E3732A-29DF-456D-B1AA-617A1EDE826A}.Debug|Any CPU.ActiveCfg = Debug|x86
		{51E3732A-29DF-456D-B1AA-617A1EDE826A}.Debug|Any CPU.Build.0 = Debug|x86
		{51E3732A-29DF-456D-B1AA-617A1EDE826A}.Debug|Any CPU.Deploy.0 = Debug|x86
		{51E3732A-29DF-456D-B1AA-617A1EDE826A}.Debug|ARM.ActiveCfg = Debug|ARM
		{51E3732A-29DF-456D-B1AA-617A1EDE826A}.Debug|ARM.Build.0 = Debug|ARM
		{51E3732A-29DF-456D-B1AA-617A1EDE826A}.Debug|ARM.Deploy.0 = Debug|ARM
		{51E3732A-29DF-456D-B1AA-617A1EDE826A}.Debug|iPhone.ActiveCfg = Debug|x86
		{51E3732A-29DF-456D-B1AA-617A1EDE826A}.Debug|iPhone.Build.0 = Debug|x86
		{51E3732A-29DF-456D-B1AA-617A1EDE826A}.Debug|iPhone.Deploy.0 = Debug|x86
		{51E3732A-29DF-456D-B1AA-617A1EDE826A}.Debug|iPhoneSimulator.ActiveCfg = Debug|x86
		{51E3732A-29DF-456D-B1AA-617A1EDE826A}.Debug|iPhoneSimulator.Build.0 = Debug|x86
		{51E3732A-29DF-456D-B1AA-617A1EDE826A}.Debug|iPhoneSimulator.Deploy.0 = Debug|x86
		{51E3732A-29DF-456D-B1AA-617A1EDE826A}.Debug|x64.ActiveCfg = Debug|x64
		{51E3732A-29DF-456D-B1AA-617A1EDE826A}.Debug|x64.Build.0 = Debug|x64
		{51E3732A-29DF-456D-B1AA-617A1EDE826A}.Debug|x64.Deploy.0 = Debug|x64
		{51E3732A-29DF-456D-B1AA-617A1EDE826A}.Debug|x86.ActiveCfg = Debug|x86
		{51E3732A-29DF-456D-B1AA-617A1EDE826A}.Debug|x86.Build.0 = Debug|x86
		{51E3732A-29DF-456D-B1AA-617A1EDE826A}.Debug|x86.Deploy.0 = Debug|x86
		{51E3732A-29DF-456D-B1AA-617A1EDE826A}.Release|Any CPU.ActiveCfg = Release|x86
		{51E3732A-29DF-456D-B1AA-617A1EDE826A}.Release|Any CPU.Build.0 = Release|x86
		{51E3732A-29DF-456D-B1AA-617A1EDE826A}.Release|Any CPU.Deploy.0 = Release|x86
		{51E3732A-29DF-456D-B1AA-617A1EDE826A}.Release|ARM.ActiveCfg = Release|ARM
		{51E3732A-29DF-456D-B1AA-617A1EDE826A}.Release|ARM.Build.0 = Release|ARM
		{51E3732A-29DF-456D-B1AA-617A1EDE826A}.Release|ARM.Deploy.0 = Release|ARM
		{51E3732A-29DF-456D-B1AA-617A1EDE826A}.Release|iPhone.ActiveCfg = Release|x86
		{51E3732A-29DF-456D-B1AA-617A1EDE826A}.Release|iPhone.Build.0 = Release|x86
		{51E3732A-29DF-456D-B1AA-617A1EDE826A}.Release|iPhone.Deploy.0 = Release|x86
		{51E3732A-29DF-456D-B1AA-617A1EDE826A}.Release|iPhoneSimulator.ActiveCfg = Release|x86
		{51E3732A-29DF-456D-B1AA-617A1EDE826A}.Release|iPhoneSimulator.Build.0 = Release|x86
		{51E3732A-29DF-456D-B1AA-617A1EDE826A}.Release|iPhoneSimulator.Deploy.0 = Release|x86
		{51E3732A-29DF-456D-B1AA-617A1EDE826A}.Release|x64.ActiveCfg = Release|x64
		{51E3732A-29DF-456D-B1AA-617A1EDE826A}.Release|x64.Build.0 = Release|x64
		{51E3732A-29DF-456D-B1AA-617A1EDE826A}.Release|x64.Deploy.0 = Release|x64
		{51E3732A-29DF-456D-B1AA-617A1EDE826A}.Release|x86.ActiveCfg = Release|x86
		{51E3732A-29DF-456D-B1AA-617A1EDE826A}.Release|x86.Build.0 = Release|x86
		{51E3732A-29DF-456D-B1AA-617A1EDE826A}.Release|x86.Deploy.0 = Release|x86
		{4F0C481A-6CD1-46C3-9C4A-5D89CAE51DBE}.Debug|Any CPU.ActiveCfg = Debug|Any CPU
		{4F0C481A-6CD1-46C3-9C4A-5D89CAE51DBE}.Debug|Any CPU.Build.0 = Debug|Any CPU
		{4F0C481A-6CD1-46C3-9C4A-5D89CAE51DBE}.Debug|Any CPU.Deploy.0 = Debug|Any CPU
		{4F0C481A-6CD1-46C3-9C4A-5D89CAE51DBE}.Debug|ARM.ActiveCfg = Debug|Any CPU
		{4F0C481A-6CD1-46C3-9C4A-5D89CAE51DBE}.Debug|ARM.Build.0 = Debug|Any CPU
		{4F0C481A-6CD1-46C3-9C4A-5D89CAE51DBE}.Debug|ARM.Deploy.0 = Debug|Any CPU
		{4F0C481A-6CD1-46C3-9C4A-5D89CAE51DBE}.Debug|iPhone.ActiveCfg = Debug|Any CPU
		{4F0C481A-6CD1-46C3-9C4A-5D89CAE51DBE}.Debug|iPhone.Build.0 = Debug|Any CPU
		{4F0C481A-6CD1-46C3-9C4A-5D89CAE51DBE}.Debug|iPhone.Deploy.0 = Debug|Any CPU
		{4F0C481A-6CD1-46C3-9C4A-5D89CAE51DBE}.Debug|iPhoneSimulator.ActiveCfg = Debug|Any CPU
		{4F0C481A-6CD1-46C3-9C4A-5D89CAE51DBE}.Debug|iPhoneSimulator.Build.0 = Debug|Any CPU
		{4F0C481A-6CD1-46C3-9C4A-5D89CAE51DBE}.Debug|iPhoneSimulator.Deploy.0 = Debug|Any CPU
		{4F0C481A-6CD1-46C3-9C4A-5D89CAE51DBE}.Debug|x64.ActiveCfg = Debug|Any CPU
		{4F0C481A-6CD1-46C3-9C4A-5D89CAE51DBE}.Debug|x64.Build.0 = Debug|Any CPU
		{4F0C481A-6CD1-46C3-9C4A-5D89CAE51DBE}.Debug|x64.Deploy.0 = Debug|Any CPU
		{4F0C481A-6CD1-46C3-9C4A-5D89CAE51DBE}.Debug|x86.ActiveCfg = Debug|Any CPU
		{4F0C481A-6CD1-46C3-9C4A-5D89CAE51DBE}.Debug|x86.Build.0 = Debug|Any CPU
		{4F0C481A-6CD1-46C3-9C4A-5D89CAE51DBE}.Debug|x86.Deploy.0 = Debug|Any CPU
		{4F0C481A-6CD1-46C3-9C4A-5D89CAE51DBE}.Release|Any CPU.ActiveCfg = Release|Any CPU
		{4F0C481A-6CD1-46C3-9C4A-5D89CAE51DBE}.Release|Any CPU.Build.0 = Release|Any CPU
		{4F0C481A-6CD1-46C3-9C4A-5D89CAE51DBE}.Release|Any CPU.Deploy.0 = Release|Any CPU
		{4F0C481A-6CD1-46C3-9C4A-5D89CAE51DBE}.Release|ARM.ActiveCfg = Release|Any CPU
		{4F0C481A-6CD1-46C3-9C4A-5D89CAE51DBE}.Release|ARM.Build.0 = Release|Any CPU
		{4F0C481A-6CD1-46C3-9C4A-5D89CAE51DBE}.Release|ARM.Deploy.0 = Release|Any CPU
		{4F0C481A-6CD1-46C3-9C4A-5D89CAE51DBE}.Release|iPhone.ActiveCfg = Release|Any CPU
		{4F0C481A-6CD1-46C3-9C4A-5D89CAE51DBE}.Release|iPhone.Build.0 = Release|Any CPU
		{4F0C481A-6CD1-46C3-9C4A-5D89CAE51DBE}.Release|iPhone.Deploy.0 = Release|Any CPU
		{4F0C481A-6CD1-46C3-9C4A-5D89CAE51DBE}.Release|iPhoneSimulator.ActiveCfg = Release|Any CPU
		{4F0C481A-6CD1-46C3-9C4A-5D89CAE51DBE}.Release|iPhoneSimulator.Build.0 = Release|Any CPU
		{4F0C481A-6CD1-46C3-9C4A-5D89CAE51DBE}.Release|iPhoneSimulator.Deploy.0 = Release|Any CPU
		{4F0C481A-6CD1-46C3-9C4A-5D89CAE51DBE}.Release|x64.ActiveCfg = Release|Any CPU
		{4F0C481A-6CD1-46C3-9C4A-5D89CAE51DBE}.Release|x64.Build.0 = Release|Any CPU
		{4F0C481A-6CD1-46C3-9C4A-5D89CAE51DBE}.Release|x64.Deploy.0 = Release|Any CPU
		{4F0C481A-6CD1-46C3-9C4A-5D89CAE51DBE}.Release|x86.ActiveCfg = Release|Any CPU
		{4F0C481A-6CD1-46C3-9C4A-5D89CAE51DBE}.Release|x86.Build.0 = Release|Any CPU
		{4F0C481A-6CD1-46C3-9C4A-5D89CAE51DBE}.Release|x86.Deploy.0 = Release|Any CPU
		{0B88138E-8D2E-4AF3-AF22-4CE179D084E5}.Debug|Any CPU.ActiveCfg = Debug|iPhoneSimulator
		{0B88138E-8D2E-4AF3-AF22-4CE179D084E5}.Debug|Any CPU.Build.0 = Debug|iPhoneSimulator
		{0B88138E-8D2E-4AF3-AF22-4CE179D084E5}.Debug|Any CPU.Deploy.0 = Debug|iPhoneSimulator
		{0B88138E-8D2E-4AF3-AF22-4CE179D084E5}.Debug|ARM.ActiveCfg = Debug|iPhone
		{0B88138E-8D2E-4AF3-AF22-4CE179D084E5}.Debug|ARM.Build.0 = Debug|iPhone
		{0B88138E-8D2E-4AF3-AF22-4CE179D084E5}.Debug|ARM.Deploy.0 = Debug|iPhone
		{0B88138E-8D2E-4AF3-AF22-4CE179D084E5}.Debug|iPhone.ActiveCfg = Debug|iPhone
		{0B88138E-8D2E-4AF3-AF22-4CE179D084E5}.Debug|iPhone.Build.0 = Debug|iPhone
		{0B88138E-8D2E-4AF3-AF22-4CE179D084E5}.Debug|iPhone.Deploy.0 = Debug|iPhone
		{0B88138E-8D2E-4AF3-AF22-4CE179D084E5}.Debug|iPhoneSimulator.ActiveCfg = Debug|iPhoneSimulator
		{0B88138E-8D2E-4AF3-AF22-4CE179D084E5}.Debug|iPhoneSimulator.Build.0 = Debug|iPhoneSimulator
		{0B88138E-8D2E-4AF3-AF22-4CE179D084E5}.Debug|iPhoneSimulator.Deploy.0 = Debug|iPhoneSimulator
		{0B88138E-8D2E-4AF3-AF22-4CE179D084E5}.Debug|x64.ActiveCfg = Debug|iPhoneSimulator
		{0B88138E-8D2E-4AF3-AF22-4CE179D084E5}.Debug|x64.Build.0 = Debug|iPhoneSimulator
		{0B88138E-8D2E-4AF3-AF22-4CE179D084E5}.Debug|x64.Deploy.0 = Debug|iPhoneSimulator
		{0B88138E-8D2E-4AF3-AF22-4CE179D084E5}.Debug|x86.ActiveCfg = Debug|iPhoneSimulator
		{0B88138E-8D2E-4AF3-AF22-4CE179D084E5}.Debug|x86.Build.0 = Debug|iPhoneSimulator
		{0B88138E-8D2E-4AF3-AF22-4CE179D084E5}.Debug|x86.Deploy.0 = Debug|iPhoneSimulator
		{0B88138E-8D2E-4AF3-AF22-4CE179D084E5}.Release|Any CPU.ActiveCfg = Release|iPhoneSimulator
		{0B88138E-8D2E-4AF3-AF22-4CE179D084E5}.Release|Any CPU.Build.0 = Release|iPhoneSimulator
		{0B88138E-8D2E-4AF3-AF22-4CE179D084E5}.Release|Any CPU.Deploy.0 = Release|iPhoneSimulator
		{0B88138E-8D2E-4AF3-AF22-4CE179D084E5}.Release|ARM.ActiveCfg = Release|iPhoneSimulator
		{0B88138E-8D2E-4AF3-AF22-4CE179D084E5}.Release|ARM.Build.0 = Release|iPhoneSimulator
		{0B88138E-8D2E-4AF3-AF22-4CE179D084E5}.Release|ARM.Deploy.0 = Release|iPhoneSimulator
		{0B88138E-8D2E-4AF3-AF22-4CE179D084E5}.Release|iPhone.ActiveCfg = Release|iPhone
		{0B88138E-8D2E-4AF3-AF22-4CE179D084E5}.Release|iPhone.Build.0 = Release|iPhone
		{0B88138E-8D2E-4AF3-AF22-4CE179D084E5}.Release|iPhone.Deploy.0 = Release|iPhone
		{0B88138E-8D2E-4AF3-AF22-4CE179D084E5}.Release|iPhoneSimulator.ActiveCfg = Release|iPhoneSimulator
		{0B88138E-8D2E-4AF3-AF22-4CE179D084E5}.Release|iPhoneSimulator.Build.0 = Release|iPhoneSimulator
		{0B88138E-8D2E-4AF3-AF22-4CE179D084E5}.Release|iPhoneSimulator.Deploy.0 = Release|iPhoneSimulator
		{0B88138E-8D2E-4AF3-AF22-4CE179D084E5}.Release|x64.ActiveCfg = Release|iPhoneSimulator
		{0B88138E-8D2E-4AF3-AF22-4CE179D084E5}.Release|x64.Build.0 = Release|iPhoneSimulator
		{0B88138E-8D2E-4AF3-AF22-4CE179D084E5}.Release|x64.Deploy.0 = Release|iPhoneSimulator
		{0B88138E-8D2E-4AF3-AF22-4CE179D084E5}.Release|x86.ActiveCfg = Release|iPhoneSimulator
		{0B88138E-8D2E-4AF3-AF22-4CE179D084E5}.Release|x86.Build.0 = Release|iPhoneSimulator
		{0B88138E-8D2E-4AF3-AF22-4CE179D084E5}.Release|x86.Deploy.0 = Release|iPhoneSimulator
		{2B572F8C-1E12-4DC8-B8D2-3A545783EB48}.Debug|Any CPU.ActiveCfg = Debug|Any CPU
		{2B572F8C-1E12-4DC8-B8D2-3A545783EB48}.Debug|Any CPU.Build.0 = Debug|Any CPU
		{2B572F8C-1E12-4DC8-B8D2-3A545783EB48}.Debug|Any CPU.Deploy.0 = Debug|Any CPU
		{2B572F8C-1E12-4DC8-B8D2-3A545783EB48}.Debug|ARM.ActiveCfg = Debug|Any CPU
		{2B572F8C-1E12-4DC8-B8D2-3A545783EB48}.Debug|ARM.Build.0 = Debug|Any CPU
		{2B572F8C-1E12-4DC8-B8D2-3A545783EB48}.Debug|ARM.Deploy.0 = Debug|Any CPU
		{2B572F8C-1E12-4DC8-B8D2-3A545783EB48}.Debug|iPhone.ActiveCfg = Debug|Any CPU
		{2B572F8C-1E12-4DC8-B8D2-3A545783EB48}.Debug|iPhone.Build.0 = Debug|Any CPU
		{2B572F8C-1E12-4DC8-B8D2-3A545783EB48}.Debug|iPhone.Deploy.0 = Debug|Any CPU
		{2B572F8C-1E12-4DC8-B8D2-3A545783EB48}.Debug|iPhoneSimulator.ActiveCfg = Debug|Any CPU
		{2B572F8C-1E12-4DC8-B8D2-3A545783EB48}.Debug|iPhoneSimulator.Build.0 = Debug|Any CPU
		{2B572F8C-1E12-4DC8-B8D2-3A545783EB48}.Debug|iPhoneSimulator.Deploy.0 = Debug|Any CPU
		{2B572F8C-1E12-4DC8-B8D2-3A545783EB48}.Debug|x64.ActiveCfg = Debug|Any CPU
		{2B572F8C-1E12-4DC8-B8D2-3A545783EB48}.Debug|x64.Build.0 = Debug|Any CPU
		{2B572F8C-1E12-4DC8-B8D2-3A545783EB48}.Debug|x64.Deploy.0 = Debug|Any CPU
		{2B572F8C-1E12-4DC8-B8D2-3A545783EB48}.Debug|x86.ActiveCfg = Debug|Any CPU
		{2B572F8C-1E12-4DC8-B8D2-3A545783EB48}.Debug|x86.Build.0 = Debug|Any CPU
		{2B572F8C-1E12-4DC8-B8D2-3A545783EB48}.Debug|x86.Deploy.0 = Debug|Any CPU
		{2B572F8C-1E12-4DC8-B8D2-3A545783EB48}.Release|Any CPU.ActiveCfg = Release|Any CPU
		{2B572F8C-1E12-4DC8-B8D2-3A545783EB48}.Release|Any CPU.Build.0 = Release|Any CPU
		{2B572F8C-1E12-4DC8-B8D2-3A545783EB48}.Release|Any CPU.Deploy.0 = Release|Any CPU
		{2B572F8C-1E12-4DC8-B8D2-3A545783EB48}.Release|ARM.ActiveCfg = Release|Any CPU
		{2B572F8C-1E12-4DC8-B8D2-3A545783EB48}.Release|ARM.Build.0 = Release|Any CPU
		{2B572F8C-1E12-4DC8-B8D2-3A545783EB48}.Release|ARM.Deploy.0 = Release|Any CPU
		{2B572F8C-1E12-4DC8-B8D2-3A545783EB48}.Release|iPhone.ActiveCfg = Release|Any CPU
		{2B572F8C-1E12-4DC8-B8D2-3A545783EB48}.Release|iPhone.Build.0 = Release|Any CPU
		{2B572F8C-1E12-4DC8-B8D2-3A545783EB48}.Release|iPhone.Deploy.0 = Release|Any CPU
		{2B572F8C-1E12-4DC8-B8D2-3A545783EB48}.Release|iPhoneSimulator.ActiveCfg = Release|Any CPU
		{2B572F8C-1E12-4DC8-B8D2-3A545783EB48}.Release|iPhoneSimulator.Build.0 = Release|Any CPU
		{2B572F8C-1E12-4DC8-B8D2-3A545783EB48}.Release|iPhoneSimulator.Deploy.0 = Release|Any CPU
		{2B572F8C-1E12-4DC8-B8D2-3A545783EB48}.Release|x64.ActiveCfg = Release|Any CPU
		{2B572F8C-1E12-4DC8-B8D2-3A545783EB48}.Release|x64.Build.0 = Release|Any CPU
		{2B572F8C-1E12-4DC8-B8D2-3A545783EB48}.Release|x64.Deploy.0 = Release|Any CPU
		{2B572F8C-1E12-4DC8-B8D2-3A545783EB48}.Release|x86.ActiveCfg = Release|Any CPU
		{2B572F8C-1E12-4DC8-B8D2-3A545783EB48}.Release|x86.Build.0 = Release|Any CPU
		{2B572F8C-1E12-4DC8-B8D2-3A545783EB48}.Release|x86.Deploy.0 = Release|Any CPU
	EndGlobalSection
	GlobalSection(SolutionProperties) = preSolution
		HideSolutionNode = FALSE
	EndGlobalSection
	GlobalSection(ExtensibilityGlobals) = postSolution
		SolutionGuid = {37C34B08-D98E-408D-AA77-650791B663F0}
	EndGlobalSection
EndGlobal
